
Microsoft Visual Studio Solution File, Format Version 12.00
# Visual Studio Version 17
VisualStudioVersion = 17.9.34714.143
MinimumVisualStudioVersion = 10.0.40219.1
Project("{9A19103F-16F7-4668-BE54-9A1E7A4F7556}") = "Prepaid.Client", "Prepaid.Client\Prepaid.Client.csproj", "{D7E2BC5F-F7D8-4CFC-B874-7746131F9818}"
EndProject
Project("{FAE04EC0-301F-11D3-BF4B-00C04F79EFBC}") = "Prepaid.API", "Prepaid.API\Prepaid.API.csproj", "{B10290FB-D7A2-449C-A593-7AC742E6B9EE}"
EndProject
Global
	GlobalSection(SolutionConfigurationPlatforms) = preSolution
		Debug|Any CPU = Debug|Any CPU
		Release|Any CPU = Release|Any CPU
	EndGlobalSection
	GlobalSection(ProjectConfigurationPlatforms) = postSolution
		{D7E2BC5F-F7D8-4CFC-B874-7746131F9818}.Debug|Any CPU.ActiveCfg = Debug|Any CPU
		{D7E2BC5F-F7D8-4CFC-B874-7746131F9818}.Debug|Any CPU.Build.0 = Debug|Any CPU
		{D7E2BC5F-F7D8-4CFC-B874-7746131F9818}.Release|Any CPU.ActiveCfg = Release|Any CPU
		{D7E2BC5F-F7D8-4CFC-B874-7746131F9818}.Release|Any CPU.Build.0 = Release|Any CPU
		{B10290FB-D7A2-449C-A593-7AC742E6B9EE}.Debug|Any CPU.ActiveCfg = Debug|Any CPU
		{B10290FB-D7A2-449C-A593-7AC742E6B9EE}.Debug|Any CPU.Build.0 = Debug|Any CPU
		{B10290FB-D7A2-449C-A593-7AC742E6B9EE}.Release|Any CPU.ActiveCfg = Release|Any CPU
		{B10290FB-D7A2-449C-A593-7AC742E6B9EE}.Release|Any CPU.Build.0 = Release|Any CPU
	EndGlobalSection
	GlobalSection(SolutionProperties) = preSolution
		HideSolutionNode = FALSE
	EndGlobalSection
	GlobalSection(ExtensibilityGlobals) = postSolution
		SolutionGuid = {9206DBCC-3F6C-4943-B6BE-FD478AAF94B8}
	EndGlobalSection
EndGlobal
